
Microsoft Visual Studio Solution File, Format Version 12.00
# Visual Studio 15
VisualStudioVersion = 15.0.27703.2035
MinimumVisualStudioVersion = 10.0.40219.1
Project("{FAE04EC0-301F-11D3-BF4B-00C04F79EFBC}") = "PooVuelingXUnit", "PooVuelingXUnit\PooVuelingXUnit.csproj", "{B38AA4C8-982E-43BF-8C27-E651B30FA17D}"
EndProject
Project("{FAE04EC0-301F-11D3-BF4B-00C04F79EFBC}") = "PooVuelingXUnit.Integration.Tests", "PooVuelingXUnit.Integration.Tests\PooVuelingXUnit.Integration.Tests.csproj", "{74BAB5B1-C60E-4ADF-B2D2-9FE292E1E88C}"
EndProject
Project("{FAE04EC0-301F-11D3-BF4B-00C04F79EFBC}") = "PooVuelingXUnit.Unit.Tests", "PooVuelingXUnit.Unit.Tests\PooVuelingXUnit.Unit.Tests.csproj", "{1ED35EFB-BAE1-4D4B-BF57-4E03DF8165B5}"
EndProject
Global
	GlobalSection(SolutionConfigurationPlatforms) = preSolution
		Debug|Any CPU = Debug|Any CPU
		Release|Any CPU = Release|Any CPU
	EndGlobalSection
	GlobalSection(ProjectConfigurationPlatforms) = postSolution
		{B38AA4C8-982E-43BF-8C27-E651B30FA17D}.Debug|Any CPU.ActiveCfg = Debug|Any CPU
		{B38AA4C8-982E-43BF-8C27-E651B30FA17D}.Debug|Any CPU.Build.0 = Debug|Any CPU
		{B38AA4C8-982E-43BF-8C27-E651B30FA17D}.Release|Any CPU.ActiveCfg = Release|Any CPU
		{B38AA4C8-982E-43BF-8C27-E651B30FA17D}.Release|Any CPU.Build.0 = Release|Any CPU
		{74BAB5B1-C60E-4ADF-B2D2-9FE292E1E88C}.Debug|Any CPU.ActiveCfg = Debug|Any CPU
		{74BAB5B1-C60E-4ADF-B2D2-9FE292E1E88C}.Debug|Any CPU.Build.0 = Debug|Any CPU
		{74BAB5B1-C60E-4ADF-B2D2-9FE292E1E88C}.Release|Any CPU.ActiveCfg = Release|Any CPU
		{74BAB5B1-C60E-4ADF-B2D2-9FE292E1E88C}.Release|Any CPU.Build.0 = Release|Any CPU
		{1ED35EFB-BAE1-4D4B-BF57-4E03DF8165B5}.Debug|Any CPU.ActiveCfg = Debug|Any CPU
		{1ED35EFB-BAE1-4D4B-BF57-4E03DF8165B5}.Debug|Any CPU.Build.0 = Debug|Any CPU
		{1ED35EFB-BAE1-4D4B-BF57-4E03DF8165B5}.Release|Any CPU.ActiveCfg = Release|Any CPU
		{1ED35EFB-BAE1-4D4B-BF57-4E03DF8165B5}.Release|Any CPU.Build.0 = Release|Any CPU
	EndGlobalSection
	GlobalSection(SolutionProperties) = preSolution
		HideSolutionNode = FALSE
	EndGlobalSection
	GlobalSection(ExtensibilityGlobals) = postSolution
		SolutionGuid = {2B78F6B5-6DF5-47B8-A1D0-3257986278B1}
	EndGlobalSection
EndGlobal
